
Microsoft Visual Studio Solution File, Format Version 12.00
# Visual Studio Version 17
VisualStudioVersion = 17.7.34024.191
MinimumVisualStudioVersion = 10.0.40219.1
Project("{FAE04EC0-301F-11D3-BF4B-00C04F79EFBC}") = "Project_63135350", "Project_63135350\Project_63135350.csproj", "{45C55E5D-38A9-4833-8244-6BA4152A8803}"
EndProject
Global
	GlobalSection(SolutionConfigurationPlatforms) = preSolution
		Debug|Any CPU = Debug|Any CPU
		Release|Any CPU = Release|Any CPU
	EndGlobalSection
	GlobalSection(ProjectConfigurationPlatforms) = postSolution
		{45C55E5D-38A9-4833-8244-6BA4152A8803}.Debug|Any CPU.ActiveCfg = Debug|Any CPU
		{45C55E5D-38A9-4833-8244-6BA4152A8803}.Debug|Any CPU.Build.0 = Debug|Any CPU
		{45C55E5D-38A9-4833-8244-6BA4152A8803}.Release|Any CPU.ActiveCfg = Release|Any CPU
		{45C55E5D-38A9-4833-8244-6BA4152A8803}.Release|Any CPU.Build.0 = Release|Any CPU
	EndGlobalSection
	GlobalSection(SolutionProperties) = preSolution
		HideSolutionNode = FALSE
	EndGlobalSection
	GlobalSection(ExtensibilityGlobals) = postSolution
		SolutionGuid = {F20902B7-C5F7-4A56-BA8F-A69772D75DB9}
	EndGlobalSection
EndGlobal
